
Microsoft Visual Studio Solution File, Format Version 12.00
# Visual Studio Version 16
VisualStudioVersion = 16.0.29613.14
MinimumVisualStudioVersion = 10.0.40219.1
Project("{FAE04EC0-301F-11D3-BF4B-00C04F79EFBC}") = "ProductWeb", "ProductWeb\ProductWeb.csproj", "{6C790470-5D53-4229-BE50-C902C3766CED}"
EndProject
Global
	GlobalSection(SolutionConfigurationPlatforms) = preSolution
		Debug|Any CPU = Debug|Any CPU
		Release|Any CPU = Release|Any CPU
	EndGlobalSection
	GlobalSection(ProjectConfigurationPlatforms) = postSolution
		{6C790470-5D53-4229-BE50-C902C3766CED}.Debug|Any CPU.ActiveCfg = Debug|Any CPU
		{6C790470-5D53-4229-BE50-C902C3766CED}.Debug|Any CPU.Build.0 = Debug|Any CPU
		{6C790470-5D53-4229-BE50-C902C3766CED}.Release|Any CPU.ActiveCfg = Release|Any CPU
		{6C790470-5D53-4229-BE50-C902C3766CED}.Release|Any CPU.Build.0 = Release|Any CPU
	EndGlobalSection
	GlobalSection(SolutionProperties) = preSolution
		HideSolutionNode = FALSE
	EndGlobalSection
	GlobalSection(ExtensibilityGlobals) = postSolution
		SolutionGuid = {46CB126B-EC39-4B0A-BFC6-C358DE554D9E}
	EndGlobalSection
EndGlobal
